// !$*UTF8*$!
{
	archiveVersion = 1;
	classes = {
	};
	objectVersion = 56;
	objects = {

/* Begin PBXBuildFile section */
		3F6645112B9A4DA100C049AA /* AppDelegate.swift in Sources */ = {isa = PBXBuildFile; fileRef = 3F6645102B9A4DA100C049AA /* AppDelegate.swift */; };
		3F6645132B9A4DA100C049AA /* SceneDelegate.swift in Sources */ = {isa = PBXBuildFile; fileRef = 3F6645122B9A4DA100C049AA /* SceneDelegate.swift */; };
		3F6645152B9A4DA100C049AA /* ViewController.swift in Sources */ = {isa = PBXBuildFile; fileRef = 3F6645142B9A4DA100C049AA /* ViewController.swift */; };
		3F6645182B9A4DA100C049AA /* Main.storyboard in Resources */ = {isa = PBXBuildFile; fileRef = 3F6645162B9A4DA100C049AA /* Main.storyboard */; };
		3F66451A2B9A4DA300C049AA /* Assets.xcassets in Resources */ = {isa = PBXBuildFile; fileRef = 3F6645192B9A4DA300C049AA /* Assets.xcassets */; };
		3F6645282B9A4DA300C049AA /* SaveToTextFileTests.swift in Sources */ = {isa = PBXBuildFile; fileRef = 3F6645272B9A4DA300C049AA /* SaveToTextFileTests.swift */; };
		3F6645322B9A4DA300C049AA /* SaveToTextFileUITests.swift in Sources */ = {isa = PBXBuildFile; fileRef = 3F6645312B9A4DA300C049AA /* SaveToTextFileUITests.swift */; };
		3F6645342B9A4DA400C049AA /* SaveToTextFileUITestsLaunchTests.swift in Sources */ = {isa = PBXBuildFile; fileRef = 3F6645332B9A4DA400C049AA /* SaveToTextFileUITestsLaunchTests.swift */; };
/* End PBXBuildFile section */

/* Begin PBXContainerItemProxy section */
		3F6645242B9A4DA300C049AA /* PBXContainerItemProxy */ = {
			isa = PBXContainerItemProxy;
			containerPortal = 3F6645052B9A4DA100C049AA /* Project object */;
			proxyType = 1;
			remoteGlobalIDString = 3F66450C2B9A4DA100C049AA;
			remoteInfo = SaveToTextFile;
		};
		3F66452E2B9A4DA300C049AA /* PBXContainerItemProxy */ = {
			isa = PBXContainerItemProxy;
			containerPortal = 3F6645052B9A4DA100C049AA /* Project object */;
			proxyType = 1;
			remoteGlobalIDString = 3F66450C2B9A4DA100C049AA;
			remoteInfo = SaveToTextFile;
		};
/* End PBXContainerItemProxy section */

/* Begin PBXFileReference section */
		3F66450D2B9A4DA100C049AA /* SaveToTextFile.app */ = {isa = PBXFileReference; explicitFileType = wrapper.application; includeInIndex = 0; path = SaveToTextFile.app; sourceTree = BUILT_PRODUCTS_DIR; };
		3F6645102B9A4DA100C049AA /* AppDelegate.swift */ = {isa = PBXFileReference; lastKnownFileType = sourcecode.swift; path = AppDelegate.swift; sourceTree = "<group>"; };
		3F6645122B9A4DA100C049AA /* SceneDelegate.swift */ = {isa = PBXFileReference; lastKnownFileType = sourcecode.swift; path = SceneDelegate.swift; sourceTree = "<group>"; };
		3F6645142B9A4DA100C049AA /* ViewController.swift */ = {isa = PBXFileReference; lastKnownFileType = sourcecode.swift; path = ViewController.swift; sourceTree = "<group>"; };
		3F6645172B9A4DA100C049AA /* Base */ = {isa = PBXFileReference; lastKnownFileType = file.storyboard; name = Base; path = Base.lproj/Main.storyboard; sourceTree = "<group>"; };
		3F6645192B9A4DA300C049AA /* Assets.xcassets */ = {isa = PBXFileReference; lastKnownFileType = folder.assetcatalog; path = Assets.xcassets; sourceTree = "<group>"; };
		3F66451E2B9A4DA300C049AA /* Info.plist */ = {isa = PBXFileReference; lastKnownFileType = text.plist.xml; path = Info.plist; sourceTree = "<group>"; };
		3F6645232B9A4DA300C049AA /* SaveToTextFileTests.xctest */ = {isa = PBXFileReference; explicitFileType = wrapper.cfbundle; includeInIndex = 0; path = SaveToTextFileTests.xctest; sourceTree = BUILT_PRODUCTS_DIR; };
		3F6645272B9A4DA300C049AA /* SaveToTextFileTests.swift */ = {isa = PBXFileReference; lastKnownFileType = sourcecode.swift; path = SaveToTextFileTests.swift; sourceTree = "<group>"; };
		3F66452D2B9A4DA300C049AA /* SaveToTextFileUITests.xctest */ = {isa = PBXFileReference; explicitFileType = wrapper.cfbundle; includeInIndex = 0; path = SaveToTextFileUITests.xctest; sourceTree = BUILT_PRODUCTS_DIR; };
		3F6645312B9A4DA300C049AA /* SaveToTextFileUITests.swift */ = {isa = PBXFileReference; lastKnownFileType = sourcecode.swift; path = SaveToTextFileUITests.swift; sourceTree = "<group>"; };
		3F6645332B9A4DA400C049AA /* SaveToTextFileUITestsLaunchTests.swift */ = {isa = PBXFileReference; lastKnownFileType = sourcecode.swift; path = SaveToTextFileUITestsLaunchTests.swift; sourceTree = "<group>"; };
/* End PBXFileReference section */

/* Begin PBXFrameworksBuildPhase section */
		3F66450A2B9A4DA100C049AA /* Frameworks */ = {
			isa = PBXFrameworksBuildPhase;
			buildActionMask = 2147483647;
			files = (
			);
			runOnlyForDeploymentPostprocessing = 0;
		};
		3F6645202B9A4DA300C049AA /* Frameworks */ = {
			isa = PBXFrameworksBuildPhase;
			buildActionMask = 2147483647;
			files = (
			);
			runOnlyForDeploymentPostprocessing = 0;
		};
		3F66452A2B9A4DA300C049AA /* Frameworks */ = {
			isa = PBXFrameworksBuildPhase;
			buildActionMask = 2147483647;
			files = (
			);
			runOnlyForDeploymentPostprocessing = 0;
		};
/* End PBXFrameworksBuildPhase section */

/* Begin PBXGroup section */
		3F6645042B9A4DA100C049AA = {
			isa = PBXGroup;
			children = (
				3F66450F2B9A4DA100C049AA /* SaveToTextFile */,
				3F6645262B9A4DA300C049AA /* SaveToTextFileTests */,
				3F6645302B9A4DA300C049AA /* SaveToTextFileUITests */,
				3F66450E2B9A4DA100C049AA /* Products */,
			);
			sourceTree = "<group>";
		};
		3F66450E2B9A4DA100C049AA /* Products */ = {
			isa = PBXGroup;
			children = (
				3F66450D2B9A4DA100C049AA /* SaveToTextFile.app */,
				3F6645232B9A4DA300C049AA /* SaveToTextFileTests.xctest */,
				3F66452D2B9A4DA300C049AA /* SaveToTextFileUITests.xctest */,
			);
			name = Products;
			sourceTree = "<group>";
		};
		3F66450F2B9A4DA100C049AA /* SaveToTextFile */ = {
			isa = PBXGroup;
			children = (
				3F6645102B9A4DA100C049AA /* AppDelegate.swift */,
				3F6645122B9A4DA100C049AA /* SceneDelegate.swift */,
				3F6645142B9A4DA100C049AA /* ViewController.swift */,
				3F6645162B9A4DA100C049AA /* Main.storyboard */,
				3F6645192B9A4DA300C049AA /* Assets.xcassets */,
				3F66451E2B9A4DA300C049AA /* Info.plist */,
			);
			path = SaveToTextFile;
			sourceTree = "<group>";
		};
		3F6645262B9A4DA300C049AA /* SaveToTextFileTests */ = {
			isa = PBXGroup;
			children = (
				3F6645272B9A4DA300C049AA /* SaveToTextFileTests.swift */,
			);
			path = SaveToTextFileTests;
			sourceTree = "<group>";
		};
		3F6645302B9A4DA300C049AA /* SaveToTextFileUITests */ = {
			isa = PBXGroup;
			children = (
				3F6645312B9A4DA300C049AA /* SaveToTextFileUITests.swift */,
				3F6645332B9A4DA400C049AA /* SaveToTextFileUITestsLaunchTests.swift */,
			);
			path = SaveToTextFileUITests;
			sourceTree = "<group>";
		};
/* End PBXGroup section */

/* Begin PBXNativeTarget section */
		3F66450C2B9A4DA100C049AA /* SaveToTextFile */ = {
			isa = PBXNativeTarget;
			buildConfigurationList = 3F6645372B9A4DA400C049AA /* Build configuration list for PBXNativeTarget "SaveToTextFile" */;
			buildPhases = (
				3F6645092B9A4DA100C049AA /* Sources */,
				3F66450A2B9A4DA100C049AA /* Frameworks */,
				3F66450B2B9A4DA100C049AA /* Resources */,
			);
			buildRules = (
			);
			dependencies = (
			);
			name = SaveToTextFile;
			productName = SaveToTextFile;
			productReference = 3F66450D2B9A4DA100C049AA /* SaveToTextFile.app */;
			productType = "com.apple.product-type.application";
		};
		3F6645222B9A4DA300C049AA /* SaveToTextFileTests */ = {
			isa = PBXNativeTarget;
			buildConfigurationList = 3F66453A2B9A4DA400C049AA /* Build configuration list for PBXNativeTarget "SaveToTextFileTests" */;
			buildPhases = (
				3F66451F2B9A4DA300C049AA /* Sources */,
				3F6645202B9A4DA300C049AA /* Frameworks */,
				3F6645212B9A4DA300C049AA /* Resources */,
			);
			buildRules = (
			);
			dependencies = (
				3F6645252B9A4DA300C049AA /* PBXTargetDependency */,
			);
			name = SaveToTextFileTests;
			productName = SaveToTextFileTests;
			productReference = 3F6645232B9A4DA300C049AA /* SaveToTextFileTests.xctest */;
			productType = "com.apple.product-type.bundle.unit-test";
		};
		3F66452C2B9A4DA300C049AA /* SaveToTextFileUITests */ = {
			isa = PBXNativeTarget;
			buildConfigurationList = 3F66453D2B9A4DA400C049AA /* Build configuration list for PBXNativeTarget "SaveToTextFileUITests" */;
			buildPhases = (
				3F6645292B9A4DA300C049AA /* Sources */,
				3F66452A2B9A4DA300C049AA /* Frameworks */,
				3F66452B2B9A4DA300C049AA /* Resources */,
			);
			buildRules = (
			);
			dependencies = (
				3F66452F2B9A4DA300C049AA /* PBXTargetDependency */,
			);
			name = SaveToTextFileUITests;
			productName = SaveToTextFileUITests;
			productReference = 3F66452D2B9A4DA300C049AA /* SaveToTextFileUITests.xctest */;
			productType = "com.apple.product-type.bundle.ui-testing";
		};
/* End PBXNativeTarget section */

/* Begin PBXProject section */
		3F6645052B9A4DA100C049AA /* Project object */ = {
			isa = PBXProject;
			attributes = {
				BuildIndependentTargetsInParallel = 1;
				LastSwiftUpdateCheck = 1520;
				LastUpgradeCheck = 1520;
				TargetAttributes = {
					3F66450C2B9A4DA100C049AA = {
						CreatedOnToolsVersion = 15.2;
					};
					3F6645222B9A4DA300C049AA = {
						CreatedOnToolsVersion = 15.2;
						TestTargetID = 3F66450C2B9A4DA100C049AA;
					};
					3F66452C2B9A4DA300C049AA = {
						CreatedOnToolsVersion = 15.2;
						TestTargetID = 3F66450C2B9A4DA100C049AA;
					};
				};
			};
			buildConfigurationList = 3F6645082B9A4DA100C049AA /* Build configuration list for PBXProject "SaveToTextFile" */;
			compatibilityVersion = "Xcode 14.0";
			developmentRegion = en;
			hasScannedForEncodings = 0;
			knownRegions = (
				en,
				Base,
			);
			mainGroup = 3F6645042B9A4DA100C049AA;
			productRefGroup = 3F66450E2B9A4DA100C049AA /* Products */;
			projectDirPath = "";
			projectRoot = "";
			targets = (
				3F66450C2B9A4DA100C049AA /* SaveToTextFile */,
				3F6645222B9A4DA300C049AA /* SaveToTextFileTests */,
				3F66452C2B9A4DA300C049AA /* SaveToTextFileUITests */,
			);
		};
/* End PBXProject section */

/* Begin PBXResourcesBuildPhase section */
		3F66450B2B9A4DA100C049AA /* Resources */ = {
			isa = PBXResourcesBuildPhase;
			buildActionMask = 2147483647;
			files = (
				3F66451A2B9A4DA300C049AA /* Assets.xcassets in Resources */,
				3F6645182B9A4DA100C049AA /* Main.storyboard in Resources */,
			);
			runOnlyForDeploymentPostprocessing = 0;
		};
		3F6645212B9A4DA300C049AA /* Resources */ = {
			isa = PBXResourcesBuildPhase;
			buildActionMask = 2147483647;
			files = (
			);
			runOnlyForDeploymentPostprocessing = 0;
		};
		3F66452B2B9A4DA300C049AA /* Resources */ = {
			isa = PBXResourcesBuildPhase;
			buildActionMask = 2147483647;
			files = (
			);
			runOnlyForDeploymentPostprocessing = 0;
		};
/* End PBXResourcesBuildPhase section */

/* Begin PBXSourcesBuildPhase section */
		3F6645092B9A4DA100C049AA /* Sources */ = {
			isa = PBXSourcesBuildPhase;
			buildActionMask = 2147483647;
			files = (
				3F6645152B9A4DA100C049AA /* ViewController.swift in Sources */,
				3F6645112B9A4DA100C049AA /* AppDelegate.swift in Sources */,
				3F6645132B9A4DA100C049AA /* SceneDelegate.swift in Sources */,
			);
			runOnlyForDeploymentPostprocessing = 0;
		};
		3F66451F2B9A4DA300C049AA /* Sources */ = {
			isa = PBXSourcesBuildPhase;
			buildActionMask = 2147483647;
			files = (
				3F6645282B9A4DA300C049AA /* SaveToTextFileTests.swift in Sources */,
			);
			runOnlyForDeploymentPostprocessing = 0;
		};
		3F6645292B9A4DA300C049AA /* Sources */ = {
			isa = PBXSourcesBuildPhase;
			buildActionMask = 2147483647;
			files = (
				3F6645322B9A4DA300C049AA /* SaveToTextFileUITests.swift in Sources */,
				3F6645342B9A4DA400C049AA /* SaveToTextFileUITestsLaunchTests.swift in Sources */,
			);
			runOnlyForDeploymentPostprocessing = 0;
		};
/* End PBXSourcesBuildPhase section */

/* Begin PBXTargetDependency section */
		3F6645252B9A4DA300C049AA /* PBXTargetDependency */ = {
			isa = PBXTargetDependency;
			target = 3F66450C2B9A4DA100C049AA /* SaveToTextFile */;
			targetProxy = 3F6645242B9A4DA300C049AA /* PBXContainerItemProxy */;
		};
		3F66452F2B9A4DA300C049AA /* PBXTargetDependency */ = {
			isa = PBXTargetDependency;
			target = 3F66450C2B9A4DA100C049AA /* SaveToTextFile */;
			targetProxy = 3F66452E2B9A4DA300C049AA /* PBXContainerItemProxy */;
		};
/* End PBXTargetDependency section */

/* Begin PBXVariantGroup section */
		3F6645162B9A4DA100C049AA /* Main.storyboard */ = {
			isa = PBXVariantGroup;
			children = (
				3F6645172B9A4DA100C049AA /* Base */,
			);
			name = Main.storyboard;
			sourceTree = "<group>";
		};
/* End PBXVariantGroup section */

/* Begin XCBuildConfiguration section */
		3F6645352B9A4DA400C049AA /* Debug */ = {
			isa = XCBuildConfiguration;
			buildSettings = {
				ALWAYS_SEARCH_USER_PATHS = NO;
				ASSETCATALOG_COMPILER_GENERATE_SWIFT_ASSET_SYMBOL_EXTENSIONS = YES;
				CLANG_ANALYZER_NONNULL = YES;
				CLANG_ANALYZER_NUMBER_OBJECT_CONVERSION = YES_AGGRESSIVE;
				CLANG_CXX_LANGUAGE_STANDARD = "gnu++20";
				CLANG_ENABLE_MODULES = YES;
				CLANG_ENABLE_OBJC_ARC = YES;
				CLANG_ENABLE_OBJC_WEAK = YES;
				CLANG_WARN_BLOCK_CAPTURE_AUTORELEASING = YES;
				CLANG_WARN_BOOL_CONVERSION = YES;
				CLANG_WARN_COMMA = YES;
				CLANG_WARN_CONSTANT_CONVERSION = YES;
				CLANG_WARN_DEPRECATED_OBJC_IMPLEMENTATIONS = YES;
				CLANG_WARN_DIRECT_OBJC_ISA_USAGE = YES_ERROR;
				CLANG_WARN_DOCUMENTATION_COMMENTS = YES;
				CLANG_WARN_EMPTY_BODY = YES;
				CLANG_WARN_ENUM_CONVERSION = YES;
				CLANG_WARN_INFINITE_RECURSION = YES;
				CLANG_WARN_INT_CONVERSION = YES;
				CLANG_WARN_NON_LITERAL_NULL_CONVERSION = YES;
				CLANG_WARN_OBJC_IMPLICIT_RETAIN_SELF = YES;
				CLANG_WARN_OBJC_LITERAL_CONVERSION = YES;
				CLANG_WARN_OBJC_ROOT_CLASS = YES_ERROR;
				CLANG_WARN_QUOTED_INCLUDE_IN_FRAMEWORK_HEADER = YES;
				CLANG_WARN_RANGE_LOOP_ANALYSIS = YES;
				CLANG_WARN_STRICT_PROTOTYPES = YES;
				CLANG_WARN_SUSPICIOUS_MOVE = YES;
				CLANG_WARN_UNGUARDED_AVAILABILITY = YES_AGGRESSIVE;
				CLANG_WARN_UNREACHABLE_CODE = YES;
				CLANG_WARN__DUPLICATE_METHOD_MATCH = YES;
				COPY_PHASE_STRIP = NO;
				DEBUG_INFORMATION_FORMAT = dwarf;
				ENABLE_STRICT_OBJC_MSGSEND = YES;
				ENABLE_TESTABILITY = YES;
				ENABLE_USER_SCRIPT_SANDBOXING = YES;
				GCC_C_LANGUAGE_STANDARD = gnu17;
				GCC_DYNAMIC_NO_PIC = NO;
				GCC_NO_COMMON_BLOCKS = YES;
				GCC_OPTIMIZATION_LEVEL = 0;
				GCC_PREPROCESSOR_DEFINITIONS = (
					"DEBUG=1",
					"$(inherited)",
				);
				GCC_WARN_64_TO_32_BIT_CONVERSION = YES;
				GCC_WARN_ABOUT_RETURN_TYPE = YES_ERROR;
				GCC_WARN_UNDECLARED_SELECTOR = YES;
				GCC_WARN_UNINITIALIZED_AUTOS = YES_AGGRESSIVE;
				GCC_WARN_UNUSED_FUNCTION = YES;
				GCC_WARN_UNUSED_VARIABLE = YES;
				IPHONEOS_DEPLOYMENT_TARGET = 17.2;
				LOCALIZATION_PREFERS_STRING_CATALOGS = YES;
				MTL_ENABLE_DEBUG_INFO = INCLUDE_SOURCE;
				MTL_FAST_MATH = YES;
				ONLY_ACTIVE_ARCH = YES;
				SDKROOT = iphoneos;
				SWIFT_ACTIVE_COMPILATION_CONDITIONS = "DEBUG $(inherited)";
				SWIFT_OPTIMIZATION_LEVEL = "-Onone";
			};
			name = Debug;
		};
		3F6645362B9A4DA400C049AA /* Release */ = {
			isa = XCBuildConfiguration;
			buildSettings = {
				ALWAYS_SEARCH_USER_PATHS = NO;
				ASSETCATALOG_COMPILER_GENERATE_SWIFT_ASSET_SYMBOL_EXTENSIONS = YES;
				CLANG_ANALYZER_NONNULL = YES;
				CLANG_ANALYZER_NUMBER_OBJECT_CONVERSION = YES_AGGRESSIVE;
				CLANG_CXX_LANGUAGE_STANDARD = "gnu++20";
				CLANG_ENABLE_MODULES = YES;
				CLANG_ENABLE_OBJC_ARC = YES;
				CLANG_ENABLE_OBJC_WEAK = YES;
				CLANG_WARN_BLOCK_CAPTURE_AUTORELEASING = YES;
				CLANG_WARN_BOOL_CONVERSION = YES;
				CLANG_WARN_COMMA = YES;
				CLANG_WARN_CONSTANT_CONVERSION = YES;
				CLANG_WARN_DEPRECATED_OBJC_IMPLEMENTATIONS = YES;
				CLANG_WARN_DIRECT_OBJC_ISA_USAGE = YES_ERROR;
				CLANG_WARN_DOCUMENTATION_COMMENTS = YES;
				CLANG_WARN_EMPTY_BODY = YES;
				CLANG_WARN_ENUM_CONVERSION = YES;
				CLANG_WARN_INFINITE_RECURSION = YES;
				CLANG_WARN_INT_CONVERSION = YES;
				CLANG_WARN_NON_LITERAL_NULL_CONVERSION = YES;
				CLANG_WARN_OBJC_IMPLICIT_RETAIN_SELF = YES;
				CLANG_WARN_OBJC_LITERAL_CONVERSION = YES;
				CLANG_WARN_OBJC_ROOT_CLASS = YES_ERROR;
				CLANG_WARN_QUOTED_INCLUDE_IN_FRAMEWORK_HEADER = YES;
				CLANG_WARN_RANGE_LOOP_ANALYSIS = YES;
				CLANG_WARN_STRICT_PROTOTYPES = YES;
				CLANG_WARN_SUSPICIOUS_MOVE = YES;
				CLANG_WARN_UNGUARDED_AVAILABILITY = YES_AGGRESSIVE;
				CLANG_WARN_UNREACHABLE_CODE = YES;
				CLANG_WARN__DUPLICATE_METHOD_MATCH = YES;
				COPY_PHASE_STRIP = NO;
				DEBUG_INFORMATION_FORMAT = "dwarf-with-dsym";
				ENABLE_NS_ASSERTIONS = NO;
				ENABLE_STRICT_OBJC_MSGSEND = YES;
				ENABLE_USER_SCRIPT_SANDBOXING = YES;
				GCC_C_LANGUAGE_STANDARD = gnu17;
				GCC_NO_COMMON_BLOCKS = YES;
				GCC_WARN_64_TO_32_BIT_CONVERSION = YES;
				GCC_WARN_ABOUT_RETURN_TYPE = YES_ERROR;
				GCC_WARN_UNDECLARED_SELECTOR = YES;
				GCC_WARN_UNINITIALIZED_AUTOS = YES_AGGRESSIVE;
				GCC_WARN_UNUSED_FUNCTION = YES;
				GCC_WARN_UNUSED_VARIABLE = YES;
				IPHONEOS_DEPLOYMENT_TARGET = 17.2;
				LOCALIZATION_PREFERS_STRING_CATALOGS = YES;
				MTL_ENABLE_DEBUG_INFO = NO;
				MTL_FAST_MATH = YES;
				SDKROOT = iphoneos;
				SWIFT_COMPILATION_MODE = wholemodule;
				VALIDATE_PRODUCT = YES;
			};
			name = Release;
		};
		3F6645382B9A4DA400C049AA /* Debug */ = {
			isa = XCBuildConfiguration;
			buildSettings = {
				ASSETCATALOG_COMPILER_APPICON_NAME = AppIcon;
				ASSETCATALOG_COMPILER_GLOBAL_ACCENT_COLOR_NAME = AccentColor;
				CODE_SIGN_STYLE = Automatic;
				CURRENT_PROJECT_VERSION = 1;
				GENERATE_INFOPLIST_FILE = YES;
				INFOPLIST_FILE = SaveToTextFile/Info.plist;
				INFOPLIST_KEY_UIApplicationSupportsIndirectInputEvents = YES;
				INFOPLIST_KEY_UILaunchStoryboardName = LaunchScreen;
				INFOPLIST_KEY_UIMainStoryboardFile = Main;
				INFOPLIST_KEY_UISupportedInterfaceOrientations_iPad = "UIInterfaceOrientationPortrait UIInterfaceOrientationPortraitUpsideDown UIInterfaceOrientationLandscapeLeft UIInterfaceOrientationLandscapeRight";
				INFOPLIST_KEY_UISupportedInterfaceOrientations_iPhone = "UIInterfaceOrientationPortrait UIInterfaceOrientationLandscapeLeft UIInterfaceOrientationLandscapeRight";
				LD_RUNPATH_SEARCH_PATHS = (
					"$(inherited)",
					"@executable_path/Frameworks",
				);
				MARKETING_VERSION = 1.0;
				PRODUCT_BUNDLE_IDENTIFIER = student.SaveToTextFile;
				PRODUCT_NAME = "$(TARGET_NAME)";
				SWIFT_EMIT_LOC_STRINGS = YES;
				SWIFT_VERSION = 5.0;
				TARGETED_DEVICE_FAMILY = "1,2";
			};
			name = Debug;
		};
		3F6645392B9A4DA400C049AA /* Release */ = {
			isa = XCBuildConfiguration;
			buildSettings = {
				ASSETCATALOG_COMPILER_APPICON_NAME = AppIcon;
				ASSETCATALOG_COMPILER_GLOBAL_ACCENT_COLOR_NAME = AccentColor;
				CODE_SIGN_STYLE = Automatic;
				CURRENT_PROJECT_VERSION = 1;
				GENERATE_INFOPLIST_FILE = YES;
				INFOPLIST_FILE = SaveToTextFile/Info.plist;
				INFOPLIST_KEY_UIApplicationSupportsIndirectInputEvents = YES;
				INFOPLIST_KEY_UILaunchStoryboardName = LaunchScreen;
				INFOPLIST_KEY_UIMainStoryboardFile = Main;
				INFOPLIST_KEY_UISupportedInterfaceOrientations_iPad = "UIInterfaceOrientationPortrait UIInterfaceOrientationPortraitUpsideDown UIInterfaceOrientationLandscapeLeft UIInterfaceOrientationLandscapeRight";
				INFOPLIST_KEY_UISupportedInterfaceOrientations_iPhone = "UIInterfaceOrientationPortrait UIInterfaceOrientationLandscapeLeft UIInterfaceOrientationLandscapeRight";
				LD_RUNPATH_SEARCH_PATHS = (
					"$(inherited)",
					"@executable_path/Frameworks",
				);
				MARKETING_VERSION = 1.0;
				PRODUCT_BUNDLE_IDENTIFIER = student.SaveToTextFile;
				PRODUCT_NAME = "$(TARGET_NAME)";
				SWIFT_EMIT_LOC_STRINGS = YES;
				SWIFT_VERSION = 5.0;
				TARGETED_DEVICE_FAMILY = "1,2";
			};
			name = Release;
		};
		3F66453B2B9A4DA400C049AA /* Debug */ = {
			isa = XCBuildConfiguration;
			buildSettings = {
				ALWAYS_EMBED_SWIFT_STANDARD_LIBRARIES = YES;
				BUNDLE_LOADER = "$(TEST_HOST)";
				CODE_SIGN_STYLE = Automatic;
				CURRENT_PROJECT_VERSION = 1;
				GENERATE_INFOPLIST_FILE = YES;
				IPHONEOS_DEPLOYMENT_TARGET = 17.2;
				MARKETING_VERSION = 1.0;
				PRODUCT_BUNDLE_IDENTIFIER = student.SaveToTextFileTests;
				PRODUCT_NAME = "$(TARGET_NAME)";
				SWIFT_EMIT_LOC_STRINGS = NO;
				SWIFT_VERSION = 5.0;
				TARGETED_DEVICE_FAMILY = "1,2";
				TEST_HOST = "$(BUILT_PRODUCTS_DIR)/SaveToTextFile.app/$(BUNDLE_EXECUTABLE_FOLDER_PATH)/SaveToTextFile";
			};
			name = Debug;
		};
		3F66453C2B9A4DA400C049AA /* Release */ = {
			isa = XCBuildConfiguration;
			buildSettings = {
				ALWAYS_EMBED_SWIFT_STANDARD_LIBRARIES = YES;
				BUNDLE_LOADER = "$(TEST_HOST)";
				CODE_SIGN_STYLE = Automatic;
				CURRENT_PROJECT_VERSION = 1;
				GENERATE_INFOPLIST_FILE = YES;
				IPHONEOS_DEPLOYMENT_TARGET = 17.2;
				MARKETING_VERSION = 1.0;
				PRODUCT_BUNDLE_IDENTIFIER = student.SaveToTextFileTests;
				PRODUCT_NAME = "$(TARGET_NAME)";
				SWIFT_EMIT_LOC_STRINGS = NO;
				SWIFT_VERSION = 5.0;
				TARGETED_DEVICE_FAMILY = "1,2";
				TEST_HOST = "$(BUILT_PRODUCTS_DIR)/SaveToTextFile.app/$(BUNDLE_EXECUTABLE_FOLDER_PATH)/SaveToTextFile";
			};
			name = Release;
		};
		3F66453E2B9A4DA400C049AA /* Debug */ = {
			isa = XCBuildConfiguration;
			buildSettings = {
				ALWAYS_EMBED_SWIFT_STANDARD_LIBRARIES = YES;
				CODE_SIGN_STYLE = Automatic;
				CURRENT_PROJECT_VERSION = 1;
				GENERATE_INFOPLIST_FILE = YES;
				MARKETING_VERSION = 1.0;
				PRODUCT_BUNDLE_IDENTIFIER = student.SaveToTextFileUITests;
				PRODUCT_NAME = "$(TARGET_NAME)";
				SWIFT_EMIT_LOC_STRINGS = NO;
				SWIFT_VERSION = 5.0;
				TARGETED_DEVICE_FAMILY = "1,2";
				TEST_TARGET_NAME = SaveToTextFile;
			};
			name = Debug;
		};
		3F66453F2B9A4DA400C049AA /* Release */ = {
			isa = XCBuildConfiguration;
			buildSettings = {
				ALWAYS_EMBED_SWIFT_STANDARD_LIBRARIES = YES;
				CODE_SIGN_STYLE = Automatic;
				CURRENT_PROJECT_VERSION = 1;
				GENERATE_INFOPLIST_FILE = YES;
				MARKETING_VERSION = 1.0;
				PRODUCT_BUNDLE_IDENTIFIER = student.SaveToTextFileUITests;
				PRODUCT_NAME = "$(TARGET_NAME)";
				SWIFT_EMIT_LOC_STRINGS = NO;
				SWIFT_VERSION = 5.0;
				TARGETED_DEVICE_FAMILY = "1,2";
				TEST_TARGET_NAME = SaveToTextFile;
			};
			name = Release;
		};
/* End XCBuildConfiguration section */

/* Begin XCConfigurationList section */
		3F6645082B9A4DA100C049AA /* Build configuration list for PBXProject "SaveToTextFile" */ = {
			isa = XCConfigurationList;
			buildConfigurations = (
				3F6645352B9A4DA400C049AA /* Debug */,
				3F6645362B9A4DA400C049AA /* Release */,
			);
			defaultConfigurationIsVisible = 0;
			defaultConfigurationName = Release;
		};
		3F6645372B9A4DA400C049AA /* Build configuration list for PBXNativeTarget "SaveToTextFile" */ = {
			isa = XCConfigurationList;
			buildConfigurations = (
				3F6645382B9A4DA400C049AA /* Debug */,
				3F6645392B9A4DA400C049AA /* Release */,
			);
			defaultConfigurationIsVisible = 0;
			defaultConfigurationName = Release;
		};
		3F66453A2B9A4DA400C049AA /* Build configuration list for PBXNativeTarget "SaveToTextFileTests" */ = {
			isa = XCConfigurationList;
			buildConfigurations = (
				3F66453B2B9A4DA400C049AA /* Debug */,
				3F66453C2B9A4DA400C049AA /* Release */,
			);
			defaultConfigurationIsVisible = 0;
			defaultConfigurationName = Release;
		};
		3F66453D2B9A4DA400C049AA /* Build configuration list for PBXNativeTarget "SaveToTextFileUITests" */ = {
			isa = XCConfigurationList;
			buildConfigurations = (
				3F66453E2B9A4DA400C049AA /* Debug */,
				3F66453F2B9A4DA400C049AA /* Release */,
			);
			defaultConfigurationIsVisible = 0;
			defaultConfigurationName = Release;
		};
/* End XCConfigurationList section */
	};
	rootObject = 3F6645052B9A4DA100C049AA /* Project object */;
}
