// !$*UTF8*$!
{
	archiveVersion = 1;
	classes = {
	};
	objectVersion = 56;
	objects = {

/* Begin PBXBuildFile section */
		3F6645892B9B87F200C049AA /* AppDelegate.swift in Sources */ = {isa = PBXBuildFile; fileRef = 3F6645882B9B87F200C049AA /* AppDelegate.swift */; };
		3F66458B2B9B87F200C049AA /* SceneDelegate.swift in Sources */ = {isa = PBXBuildFile; fileRef = 3F66458A2B9B87F200C049AA /* SceneDelegate.swift */; };
		3F66458D2B9B87F200C049AA /* ViewController.swift in Sources */ = {isa = PBXBuildFile; fileRef = 3F66458C2B9B87F200C049AA /* ViewController.swift */; };
		3F6645902B9B87F200C049AA /* Main.storyboard in Resources */ = {isa = PBXBuildFile; fileRef = 3F66458E2B9B87F200C049AA /* Main.storyboard */; };
		3F6645932B9B87F200C049AA /* DBApp.xcdatamodeld in Sources */ = {isa = PBXBuildFile; fileRef = 3F6645912B9B87F200C049AA /* DBApp.xcdatamodeld */; };
		3F6645952B9B87F400C049AA /* Assets.xcassets in Resources */ = {isa = PBXBuildFile; fileRef = 3F6645942B9B87F400C049AA /* Assets.xcassets */; };
		3F6645A32B9B87F500C049AA /* DBAppTests.swift in Sources */ = {isa = PBXBuildFile; fileRef = 3F6645A22B9B87F500C049AA /* DBAppTests.swift */; };
		3F6645AD2B9B87F500C049AA /* DBAppUITests.swift in Sources */ = {isa = PBXBuildFile; fileRef = 3F6645AC2B9B87F500C049AA /* DBAppUITests.swift */; };
		3F6645AF2B9B87F500C049AA /* DBAppUITestsLaunchTests.swift in Sources */ = {isa = PBXBuildFile; fileRef = 3F6645AE2B9B87F500C049AA /* DBAppUITestsLaunchTests.swift */; };
/* End PBXBuildFile section */

/* Begin PBXContainerItemProxy section */
		3F66459F2B9B87F500C049AA /* PBXContainerItemProxy */ = {
			isa = PBXContainerItemProxy;
			containerPortal = 3F66457D2B9B87F200C049AA /* Project object */;
			proxyType = 1;
			remoteGlobalIDString = 3F6645842B9B87F200C049AA;
			remoteInfo = DBApp;
		};
		3F6645A92B9B87F500C049AA /* PBXContainerItemProxy */ = {
			isa = PBXContainerItemProxy;
			containerPortal = 3F66457D2B9B87F200C049AA /* Project object */;
			proxyType = 1;
			remoteGlobalIDString = 3F6645842B9B87F200C049AA;
			remoteInfo = DBApp;
		};
/* End PBXContainerItemProxy section */

/* Begin PBXFileReference section */
		3F6645852B9B87F200C049AA /* DBApp.app */ = {isa = PBXFileReference; explicitFileType = wrapper.application; includeInIndex = 0; path = DBApp.app; sourceTree = BUILT_PRODUCTS_DIR; };
		3F6645882B9B87F200C049AA /* AppDelegate.swift */ = {isa = PBXFileReference; lastKnownFileType = sourcecode.swift; path = AppDelegate.swift; sourceTree = "<group>"; };
		3F66458A2B9B87F200C049AA /* SceneDelegate.swift */ = {isa = PBXFileReference; lastKnownFileType = sourcecode.swift; path = SceneDelegate.swift; sourceTree = "<group>"; };
		3F66458C2B9B87F200C049AA /* ViewController.swift */ = {isa = PBXFileReference; lastKnownFileType = sourcecode.swift; path = ViewController.swift; sourceTree = "<group>"; };
		3F66458F2B9B87F200C049AA /* Base */ = {isa = PBXFileReference; lastKnownFileType = file.storyboard; name = Base; path = Base.lproj/Main.storyboard; sourceTree = "<group>"; };
		3F6645922B9B87F200C049AA /* DBApp.xcdatamodel */ = {isa = PBXFileReference; lastKnownFileType = wrapper.xcdatamodel; path = DBApp.xcdatamodel; sourceTree = "<group>"; };
		3F6645942B9B87F400C049AA /* Assets.xcassets */ = {isa = PBXFileReference; lastKnownFileType = folder.assetcatalog; path = Assets.xcassets; sourceTree = "<group>"; };
		3F6645992B9B87F400C049AA /* Info.plist */ = {isa = PBXFileReference; lastKnownFileType = text.plist.xml; path = Info.plist; sourceTree = "<group>"; };
		3F66459E2B9B87F500C049AA /* DBAppTests.xctest */ = {isa = PBXFileReference; explicitFileType = wrapper.cfbundle; includeInIndex = 0; path = DBAppTests.xctest; sourceTree = BUILT_PRODUCTS_DIR; };
		3F6645A22B9B87F500C049AA /* DBAppTests.swift */ = {isa = PBXFileReference; lastKnownFileType = sourcecode.swift; path = DBAppTests.swift; sourceTree = "<group>"; };
		3F6645A82B9B87F500C049AA /* DBAppUITests.xctest */ = {isa = PBXFileReference; explicitFileType = wrapper.cfbundle; includeInIndex = 0; path = DBAppUITests.xctest; sourceTree = BUILT_PRODUCTS_DIR; };
		3F6645AC2B9B87F500C049AA /* DBAppUITests.swift */ = {isa = PBXFileReference; lastKnownFileType = sourcecode.swift; path = DBAppUITests.swift; sourceTree = "<group>"; };
		3F6645AE2B9B87F500C049AA /* DBAppUITestsLaunchTests.swift */ = {isa = PBXFileReference; lastKnownFileType = sourcecode.swift; path = DBAppUITestsLaunchTests.swift; sourceTree = "<group>"; };
/* End PBXFileReference section */

/* Begin PBXFrameworksBuildPhase section */
		3F6645822B9B87F200C049AA /* Frameworks */ = {
			isa = PBXFrameworksBuildPhase;
			buildActionMask = 2147483647;
			files = (
			);
			runOnlyForDeploymentPostprocessing = 0;
		};
		3F66459B2B9B87F500C049AA /* Frameworks */ = {
			isa = PBXFrameworksBuildPhase;
			buildActionMask = 2147483647;
			files = (
			);
			runOnlyForDeploymentPostprocessing = 0;
		};
		3F6645A52B9B87F500C049AA /* Frameworks */ = {
			isa = PBXFrameworksBuildPhase;
			buildActionMask = 2147483647;
			files = (
			);
			runOnlyForDeploymentPostprocessing = 0;
		};
/* End PBXFrameworksBuildPhase section */

/* Begin PBXGroup section */
		3F66457C2B9B87F200C049AA = {
			isa = PBXGroup;
			children = (
				3F6645872B9B87F200C049AA /* DBApp */,
				3F6645A12B9B87F500C049AA /* DBAppTests */,
				3F6645AB2B9B87F500C049AA /* DBAppUITests */,
				3F6645862B9B87F200C049AA /* Products */,
			);
			sourceTree = "<group>";
		};
		3F6645862B9B87F200C049AA /* Products */ = {
			isa = PBXGroup;
			children = (
				3F6645852B9B87F200C049AA /* DBApp.app */,
				3F66459E2B9B87F500C049AA /* DBAppTests.xctest */,
				3F6645A82B9B87F500C049AA /* DBAppUITests.xctest */,
			);
			name = Products;
			sourceTree = "<group>";
		};
		3F6645872B9B87F200C049AA /* DBApp */ = {
			isa = PBXGroup;
			children = (
				3F6645882B9B87F200C049AA /* AppDelegate.swift */,
				3F66458A2B9B87F200C049AA /* SceneDelegate.swift */,
				3F66458C2B9B87F200C049AA /* ViewController.swift */,
				3F66458E2B9B87F200C049AA /* Main.storyboard */,
				3F6645942B9B87F400C049AA /* Assets.xcassets */,
				3F6645992B9B87F400C049AA /* Info.plist */,
				3F6645912B9B87F200C049AA /* DBApp.xcdatamodeld */,
			);
			path = DBApp;
			sourceTree = "<group>";
		};
		3F6645A12B9B87F500C049AA /* DBAppTests */ = {
			isa = PBXGroup;
			children = (
				3F6645A22B9B87F500C049AA /* DBAppTests.swift */,
			);
			path = DBAppTests;
			sourceTree = "<group>";
		};
		3F6645AB2B9B87F500C049AA /* DBAppUITests */ = {
			isa = PBXGroup;
			children = (
				3F6645AC2B9B87F500C049AA /* DBAppUITests.swift */,
				3F6645AE2B9B87F500C049AA /* DBAppUITestsLaunchTests.swift */,
			);
			path = DBAppUITests;
			sourceTree = "<group>";
		};
/* End PBXGroup section */

/* Begin PBXNativeTarget section */
		3F6645842B9B87F200C049AA /* DBApp */ = {
			isa = PBXNativeTarget;
			buildConfigurationList = 3F6645B22B9B87F500C049AA /* Build configuration list for PBXNativeTarget "DBApp" */;
			buildPhases = (
				3F6645812B9B87F200C049AA /* Sources */,
				3F6645822B9B87F200C049AA /* Frameworks */,
				3F6645832B9B87F200C049AA /* Resources */,
			);
			buildRules = (
			);
			dependencies = (
			);
			name = DBApp;
			productName = DBApp;
			productReference = 3F6645852B9B87F200C049AA /* DBApp.app */;
			productType = "com.apple.product-type.application";
		};
		3F66459D2B9B87F500C049AA /* DBAppTests */ = {
			isa = PBXNativeTarget;
			buildConfigurationList = 3F6645B52B9B87F500C049AA /* Build configuration list for PBXNativeTarget "DBAppTests" */;
			buildPhases = (
				3F66459A2B9B87F500C049AA /* Sources */,
				3F66459B2B9B87F500C049AA /* Frameworks */,
				3F66459C2B9B87F500C049AA /* Resources */,
			);
			buildRules = (
			);
			dependencies = (
				3F6645A02B9B87F500C049AA /* PBXTargetDependency */,
			);
			name = DBAppTests;
			productName = DBAppTests;
			productReference = 3F66459E2B9B87F500C049AA /* DBAppTests.xctest */;
			productType = "com.apple.product-type.bundle.unit-test";
		};
		3F6645A72B9B87F500C049AA /* DBAppUITests */ = {
			isa = PBXNativeTarget;
			buildConfigurationList = 3F6645B82B9B87F500C049AA /* Build configuration list for PBXNativeTarget "DBAppUITests" */;
			buildPhases = (
				3F6645A42B9B87F500C049AA /* Sources */,
				3F6645A52B9B87F500C049AA /* Frameworks */,
				3F6645A62B9B87F500C049AA /* Resources */,
			);
			buildRules = (
			);
			dependencies = (
				3F6645AA2B9B87F500C049AA /* PBXTargetDependency */,
			);
			name = DBAppUITests;
			productName = DBAppUITests;
			productReference = 3F6645A82B9B87F500C049AA /* DBAppUITests.xctest */;
			productType = "com.apple.product-type.bundle.ui-testing";
		};
/* End PBXNativeTarget section */

/* Begin PBXProject section */
		3F66457D2B9B87F200C049AA /* Project object */ = {
			isa = PBXProject;
			attributes = {
				BuildIndependentTargetsInParallel = 1;
				LastSwiftUpdateCheck = 1520;
				LastUpgradeCheck = 1520;
				TargetAttributes = {
					3F6645842B9B87F200C049AA = {
						CreatedOnToolsVersion = 15.2;
					};
					3F66459D2B9B87F500C049AA = {
						CreatedOnToolsVersion = 15.2;
						TestTargetID = 3F6645842B9B87F200C049AA;
					};
					3F6645A72B9B87F500C049AA = {
						CreatedOnToolsVersion = 15.2;
						TestTargetID = 3F6645842B9B87F200C049AA;
					};
				};
			};
			buildConfigurationList = 3F6645802B9B87F200C049AA /* Build configuration list for PBXProject "DBApp" */;
			compatibilityVersion = "Xcode 14.0";
			developmentRegion = en;
			hasScannedForEncodings = 0;
			knownRegions = (
				en,
				Base,
			);
			mainGroup = 3F66457C2B9B87F200C049AA;
			productRefGroup = 3F6645862B9B87F200C049AA /* Products */;
			projectDirPath = "";
			projectRoot = "";
			targets = (
				3F6645842B9B87F200C049AA /* DBApp */,
				3F66459D2B9B87F500C049AA /* DBAppTests */,
				3F6645A72B9B87F500C049AA /* DBAppUITests */,
			);
		};
/* End PBXProject section */

/* Begin PBXResourcesBuildPhase section */
		3F6645832B9B87F200C049AA /* Resources */ = {
			isa = PBXResourcesBuildPhase;
			buildActionMask = 2147483647;
			files = (
				3F6645952B9B87F400C049AA /* Assets.xcassets in Resources */,
				3F6645902B9B87F200C049AA /* Main.storyboard in Resources */,
			);
			runOnlyForDeploymentPostprocessing = 0;
		};
		3F66459C2B9B87F500C049AA /* Resources */ = {
			isa = PBXResourcesBuildPhase;
			buildActionMask = 2147483647;
			files = (
			);
			runOnlyForDeploymentPostprocessing = 0;
		};
		3F6645A62B9B87F500C049AA /* Resources */ = {
			isa = PBXResourcesBuildPhase;
			buildActionMask = 2147483647;
			files = (
			);
			runOnlyForDeploymentPostprocessing = 0;
		};
/* End PBXResourcesBuildPhase section */

/* Begin PBXSourcesBuildPhase section */
		3F6645812B9B87F200C049AA /* Sources */ = {
			isa = PBXSourcesBuildPhase;
			buildActionMask = 2147483647;
			files = (
				3F66458D2B9B87F200C049AA /* ViewController.swift in Sources */,
				3F6645932B9B87F200C049AA /* DBApp.xcdatamodeld in Sources */,
				3F6645892B9B87F200C049AA /* AppDelegate.swift in Sources */,
				3F66458B2B9B87F200C049AA /* SceneDelegate.swift in Sources */,
			);
			runOnlyForDeploymentPostprocessing = 0;
		};
		3F66459A2B9B87F500C049AA /* Sources */ = {
			isa = PBXSourcesBuildPhase;
			buildActionMask = 2147483647;
			files = (
				3F6645A32B9B87F500C049AA /* DBAppTests.swift in Sources */,
			);
			runOnlyForDeploymentPostprocessing = 0;
		};
		3F6645A42B9B87F500C049AA /* Sources */ = {
			isa = PBXSourcesBuildPhase;
			buildActionMask = 2147483647;
			files = (
				3F6645AF2B9B87F500C049AA /* DBAppUITestsLaunchTests.swift in Sources */,
				3F6645AD2B9B87F500C049AA /* DBAppUITests.swift in Sources */,
			);
			runOnlyForDeploymentPostprocessing = 0;
		};
/* End PBXSourcesBuildPhase section */

/* Begin PBXTargetDependency section */
		3F6645A02B9B87F500C049AA /* PBXTargetDependency */ = {
			isa = PBXTargetDependency;
			target = 3F6645842B9B87F200C049AA /* DBApp */;
			targetProxy = 3F66459F2B9B87F500C049AA /* PBXContainerItemProxy */;
		};
		3F6645AA2B9B87F500C049AA /* PBXTargetDependency */ = {
			isa = PBXTargetDependency;
			target = 3F6645842B9B87F200C049AA /* DBApp */;
			targetProxy = 3F6645A92B9B87F500C049AA /* PBXContainerItemProxy */;
		};
/* End PBXTargetDependency section */

/* Begin PBXVariantGroup section */
		3F66458E2B9B87F200C049AA /* Main.storyboard */ = {
			isa = PBXVariantGroup;
			children = (
				3F66458F2B9B87F200C049AA /* Base */,
			);
			name = Main.storyboard;
			sourceTree = "<group>";
		};
/* End PBXVariantGroup section */

/* Begin XCBuildConfiguration section */
		3F6645B02B9B87F500C049AA /* Debug */ = {
			isa = XCBuildConfiguration;
			buildSettings = {
				ALWAYS_SEARCH_USER_PATHS = NO;
				ASSETCATALOG_COMPILER_GENERATE_SWIFT_ASSET_SYMBOL_EXTENSIONS = YES;
				CLANG_ANALYZER_NONNULL = YES;
				CLANG_ANALYZER_NUMBER_OBJECT_CONVERSION = YES_AGGRESSIVE;
				CLANG_CXX_LANGUAGE_STANDARD = "gnu++20";
				CLANG_ENABLE_MODULES = YES;
				CLANG_ENABLE_OBJC_ARC = YES;
				CLANG_ENABLE_OBJC_WEAK = YES;
				CLANG_WARN_BLOCK_CAPTURE_AUTORELEASING = YES;
				CLANG_WARN_BOOL_CONVERSION = YES;
				CLANG_WARN_COMMA = YES;
				CLANG_WARN_CONSTANT_CONVERSION = YES;
				CLANG_WARN_DEPRECATED_OBJC_IMPLEMENTATIONS = YES;
				CLANG_WARN_DIRECT_OBJC_ISA_USAGE = YES_ERROR;
				CLANG_WARN_DOCUMENTATION_COMMENTS = YES;
				CLANG_WARN_EMPTY_BODY = YES;
				CLANG_WARN_ENUM_CONVERSION = YES;
				CLANG_WARN_INFINITE_RECURSION = YES;
				CLANG_WARN_INT_CONVERSION = YES;
				CLANG_WARN_NON_LITERAL_NULL_CONVERSION = YES;
				CLANG_WARN_OBJC_IMPLICIT_RETAIN_SELF = YES;
				CLANG_WARN_OBJC_LITERAL_CONVERSION = YES;
				CLANG_WARN_OBJC_ROOT_CLASS = YES_ERROR;
				CLANG_WARN_QUOTED_INCLUDE_IN_FRAMEWORK_HEADER = YES;
				CLANG_WARN_RANGE_LOOP_ANALYSIS = YES;
				CLANG_WARN_STRICT_PROTOTYPES = YES;
				CLANG_WARN_SUSPICIOUS_MOVE = YES;
				CLANG_WARN_UNGUARDED_AVAILABILITY = YES_AGGRESSIVE;
				CLANG_WARN_UNREACHABLE_CODE = YES;
				CLANG_WARN__DUPLICATE_METHOD_MATCH = YES;
				COPY_PHASE_STRIP = NO;
				DEBUG_INFORMATION_FORMAT = dwarf;
				ENABLE_STRICT_OBJC_MSGSEND = YES;
				ENABLE_TESTABILITY = YES;
				ENABLE_USER_SCRIPT_SANDBOXING = YES;
				GCC_C_LANGUAGE_STANDARD = gnu17;
				GCC_DYNAMIC_NO_PIC = NO;
				GCC_NO_COMMON_BLOCKS = YES;
				GCC_OPTIMIZATION_LEVEL = 0;
				GCC_PREPROCESSOR_DEFINITIONS = (
					"DEBUG=1",
					"$(inherited)",
				);
				GCC_WARN_64_TO_32_BIT_CONVERSION = YES;
				GCC_WARN_ABOUT_RETURN_TYPE = YES_ERROR;
				GCC_WARN_UNDECLARED_SELECTOR = YES;
				GCC_WARN_UNINITIALIZED_AUTOS = YES_AGGRESSIVE;
				GCC_WARN_UNUSED_FUNCTION = YES;
				GCC_WARN_UNUSED_VARIABLE = YES;
				IPHONEOS_DEPLOYMENT_TARGET = 17.2;
				LOCALIZATION_PREFERS_STRING_CATALOGS = YES;
				MTL_ENABLE_DEBUG_INFO = INCLUDE_SOURCE;
				MTL_FAST_MATH = YES;
				ONLY_ACTIVE_ARCH = YES;
				SDKROOT = iphoneos;
				SWIFT_ACTIVE_COMPILATION_CONDITIONS = "DEBUG $(inherited)";
				SWIFT_OPTIMIZATION_LEVEL = "-Onone";
			};
			name = Debug;
		};
		3F6645B12B9B87F500C049AA /* Release */ = {
			isa = XCBuildConfiguration;
			buildSettings = {
				ALWAYS_SEARCH_USER_PATHS = NO;
				ASSETCATALOG_COMPILER_GENERATE_SWIFT_ASSET_SYMBOL_EXTENSIONS = YES;
				CLANG_ANALYZER_NONNULL = YES;
				CLANG_ANALYZER_NUMBER_OBJECT_CONVERSION = YES_AGGRESSIVE;
				CLANG_CXX_LANGUAGE_STANDARD = "gnu++20";
				CLANG_ENABLE_MODULES = YES;
				CLANG_ENABLE_OBJC_ARC = YES;
				CLANG_ENABLE_OBJC_WEAK = YES;
				CLANG_WARN_BLOCK_CAPTURE_AUTORELEASING = YES;
				CLANG_WARN_BOOL_CONVERSION = YES;
				CLANG_WARN_COMMA = YES;
				CLANG_WARN_CONSTANT_CONVERSION = YES;
				CLANG_WARN_DEPRECATED_OBJC_IMPLEMENTATIONS = YES;
				CLANG_WARN_DIRECT_OBJC_ISA_USAGE = YES_ERROR;
				CLANG_WARN_DOCUMENTATION_COMMENTS = YES;
				CLANG_WARN_EMPTY_BODY = YES;
				CLANG_WARN_ENUM_CONVERSION = YES;
				CLANG_WARN_INFINITE_RECURSION = YES;
				CLANG_WARN_INT_CONVERSION = YES;
				CLANG_WARN_NON_LITERAL_NULL_CONVERSION = YES;
				CLANG_WARN_OBJC_IMPLICIT_RETAIN_SELF = YES;
				CLANG_WARN_OBJC_LITERAL_CONVERSION = YES;
				CLANG_WARN_OBJC_ROOT_CLASS = YES_ERROR;
				CLANG_WARN_QUOTED_INCLUDE_IN_FRAMEWORK_HEADER = YES;
				CLANG_WARN_RANGE_LOOP_ANALYSIS = YES;
				CLANG_WARN_STRICT_PROTOTYPES = YES;
				CLANG_WARN_SUSPICIOUS_MOVE = YES;
				CLANG_WARN_UNGUARDED_AVAILABILITY = YES_AGGRESSIVE;
				CLANG_WARN_UNREACHABLE_CODE = YES;
				CLANG_WARN__DUPLICATE_METHOD_MATCH = YES;
				COPY_PHASE_STRIP = NO;
				DEBUG_INFORMATION_FORMAT = "dwarf-with-dsym";
				ENABLE_NS_ASSERTIONS = NO;
				ENABLE_STRICT_OBJC_MSGSEND = YES;
				ENABLE_USER_SCRIPT_SANDBOXING = YES;
				GCC_C_LANGUAGE_STANDARD = gnu17;
				GCC_NO_COMMON_BLOCKS = YES;
				GCC_WARN_64_TO_32_BIT_CONVERSION = YES;
				GCC_WARN_ABOUT_RETURN_TYPE = YES_ERROR;
				GCC_WARN_UNDECLARED_SELECTOR = YES;
				GCC_WARN_UNINITIALIZED_AUTOS = YES_AGGRESSIVE;
				GCC_WARN_UNUSED_FUNCTION = YES;
				GCC_WARN_UNUSED_VARIABLE = YES;
				IPHONEOS_DEPLOYMENT_TARGET = 17.2;
				LOCALIZATION_PREFERS_STRING_CATALOGS = YES;
				MTL_ENABLE_DEBUG_INFO = NO;
				MTL_FAST_MATH = YES;
				SDKROOT = iphoneos;
				SWIFT_COMPILATION_MODE = wholemodule;
				VALIDATE_PRODUCT = YES;
			};
			name = Release;
		};
		3F6645B32B9B87F500C049AA /* Debug */ = {
			isa = XCBuildConfiguration;
			buildSettings = {
				ASSETCATALOG_COMPILER_APPICON_NAME = AppIcon;
				ASSETCATALOG_COMPILER_GLOBAL_ACCENT_COLOR_NAME = AccentColor;
				CODE_SIGN_STYLE = Automatic;
				CURRENT_PROJECT_VERSION = 1;
				GENERATE_INFOPLIST_FILE = YES;
				INFOPLIST_FILE = DBApp/Info.plist;
				INFOPLIST_KEY_UIApplicationSupportsIndirectInputEvents = YES;
				INFOPLIST_KEY_UILaunchStoryboardName = LaunchScreen;
				INFOPLIST_KEY_UIMainStoryboardFile = Main;
				INFOPLIST_KEY_UISupportedInterfaceOrientations_iPad = "UIInterfaceOrientationPortrait UIInterfaceOrientationPortraitUpsideDown UIInterfaceOrientationLandscapeLeft UIInterfaceOrientationLandscapeRight";
				INFOPLIST_KEY_UISupportedInterfaceOrientations_iPhone = "UIInterfaceOrientationPortrait UIInterfaceOrientationLandscapeLeft UIInterfaceOrientationLandscapeRight";
				LD_RUNPATH_SEARCH_PATHS = (
					"$(inherited)",
					"@executable_path/Frameworks",
				);
				MARKETING_VERSION = 1.0;
				PRODUCT_BUNDLE_IDENTIFIER = student.DBApp;
				PRODUCT_NAME = "$(TARGET_NAME)";
				SWIFT_EMIT_LOC_STRINGS = YES;
				SWIFT_VERSION = 5.0;
				TARGETED_DEVICE_FAMILY = "1,2";
			};
			name = Debug;
		};
		3F6645B42B9B87F500C049AA /* Release */ = {
			isa = XCBuildConfiguration;
			buildSettings = {
				ASSETCATALOG_COMPILER_APPICON_NAME = AppIcon;
				ASSETCATALOG_COMPILER_GLOBAL_ACCENT_COLOR_NAME = AccentColor;
				CODE_SIGN_STYLE = Automatic;
				CURRENT_PROJECT_VERSION = 1;
				GENERATE_INFOPLIST_FILE = YES;
				INFOPLIST_FILE = DBApp/Info.plist;
				INFOPLIST_KEY_UIApplicationSupportsIndirectInputEvents = YES;
				INFOPLIST_KEY_UILaunchStoryboardName = LaunchScreen;
				INFOPLIST_KEY_UIMainStoryboardFile = Main;
				INFOPLIST_KEY_UISupportedInterfaceOrientations_iPad = "UIInterfaceOrientationPortrait UIInterfaceOrientationPortraitUpsideDown UIInterfaceOrientationLandscapeLeft UIInterfaceOrientationLandscapeRight";
				INFOPLIST_KEY_UISupportedInterfaceOrientations_iPhone = "UIInterfaceOrientationPortrait UIInterfaceOrientationLandscapeLeft UIInterfaceOrientationLandscapeRight";
				LD_RUNPATH_SEARCH_PATHS = (
					"$(inherited)",
					"@executable_path/Frameworks",
				);
				MARKETING_VERSION = 1.0;
				PRODUCT_BUNDLE_IDENTIFIER = student.DBApp;
				PRODUCT_NAME = "$(TARGET_NAME)";
				SWIFT_EMIT_LOC_STRINGS = YES;
				SWIFT_VERSION = 5.0;
				TARGETED_DEVICE_FAMILY = "1,2";
			};
			name = Release;
		};
		3F6645B62B9B87F500C049AA /* Debug */ = {
			isa = XCBuildConfiguration;
			buildSettings = {
				ALWAYS_EMBED_SWIFT_STANDARD_LIBRARIES = YES;
				BUNDLE_LOADER = "$(TEST_HOST)";
				CODE_SIGN_STYLE = Automatic;
				CURRENT_PROJECT_VERSION = 1;
				GENERATE_INFOPLIST_FILE = YES;
				IPHONEOS_DEPLOYMENT_TARGET = 17.2;
				MARKETING_VERSION = 1.0;
				PRODUCT_BUNDLE_IDENTIFIER = student.DBAppTests;
				PRODUCT_NAME = "$(TARGET_NAME)";
				SWIFT_EMIT_LOC_STRINGS = NO;
				SWIFT_VERSION = 5.0;
				TARGETED_DEVICE_FAMILY = "1,2";
				TEST_HOST = "$(BUILT_PRODUCTS_DIR)/DBApp.app/$(BUNDLE_EXECUTABLE_FOLDER_PATH)/DBApp";
			};
			name = Debug;
		};
		3F6645B72B9B87F500C049AA /* Release */ = {
			isa = XCBuildConfiguration;
			buildSettings = {
				ALWAYS_EMBED_SWIFT_STANDARD_LIBRARIES = YES;
				BUNDLE_LOADER = "$(TEST_HOST)";
				CODE_SIGN_STYLE = Automatic;
				CURRENT_PROJECT_VERSION = 1;
				GENERATE_INFOPLIST_FILE = YES;
				IPHONEOS_DEPLOYMENT_TARGET = 17.2;
				MARKETING_VERSION = 1.0;
				PRODUCT_BUNDLE_IDENTIFIER = student.DBAppTests;
				PRODUCT_NAME = "$(TARGET_NAME)";
				SWIFT_EMIT_LOC_STRINGS = NO;
				SWIFT_VERSION = 5.0;
				TARGETED_DEVICE_FAMILY = "1,2";
				TEST_HOST = "$(BUILT_PRODUCTS_DIR)/DBApp.app/$(BUNDLE_EXECUTABLE_FOLDER_PATH)/DBApp";
			};
			name = Release;
		};
		3F6645B92B9B87F500C049AA /* Debug */ = {
			isa = XCBuildConfiguration;
			buildSettings = {
				ALWAYS_EMBED_SWIFT_STANDARD_LIBRARIES = YES;
				CODE_SIGN_STYLE = Automatic;
				CURRENT_PROJECT_VERSION = 1;
				GENERATE_INFOPLIST_FILE = YES;
				MARKETING_VERSION = 1.0;
				PRODUCT_BUNDLE_IDENTIFIER = student.DBAppUITests;
				PRODUCT_NAME = "$(TARGET_NAME)";
				SWIFT_EMIT_LOC_STRINGS = NO;
				SWIFT_VERSION = 5.0;
				TARGETED_DEVICE_FAMILY = "1,2";
				TEST_TARGET_NAME = DBApp;
			};
			name = Debug;
		};
		3F6645BA2B9B87F500C049AA /* Release */ = {
			isa = XCBuildConfiguration;
			buildSettings = {
				ALWAYS_EMBED_SWIFT_STANDARD_LIBRARIES = YES;
				CODE_SIGN_STYLE = Automatic;
				CURRENT_PROJECT_VERSION = 1;
				GENERATE_INFOPLIST_FILE = YES;
				MARKETING_VERSION = 1.0;
				PRODUCT_BUNDLE_IDENTIFIER = student.DBAppUITests;
				PRODUCT_NAME = "$(TARGET_NAME)";
				SWIFT_EMIT_LOC_STRINGS = NO;
				SWIFT_VERSION = 5.0;
				TARGETED_DEVICE_FAMILY = "1,2";
				TEST_TARGET_NAME = DBApp;
			};
			name = Release;
		};
/* End XCBuildConfiguration section */

/* Begin XCConfigurationList section */
		3F6645802B9B87F200C049AA /* Build configuration list for PBXProject "DBApp" */ = {
			isa = XCConfigurationList;
			buildConfigurations = (
				3F6645B02B9B87F500C049AA /* Debug */,
				3F6645B12B9B87F500C049AA /* Release */,
			);
			defaultConfigurationIsVisible = 0;
			defaultConfigurationName = Release;
		};
		3F6645B22B9B87F500C049AA /* Build configuration list for PBXNativeTarget "DBApp" */ = {
			isa = XCConfigurationList;
			buildConfigurations = (
				3F6645B32B9B87F500C049AA /* Debug */,
				3F6645B42B9B87F500C049AA /* Release */,
			);
			defaultConfigurationIsVisible = 0;
			defaultConfigurationName = Release;
		};
		3F6645B52B9B87F500C049AA /* Build configuration list for PBXNativeTarget "DBAppTests" */ = {
			isa = XCConfigurationList;
			buildConfigurations = (
				3F6645B62B9B87F500C049AA /* Debug */,
				3F6645B72B9B87F500C049AA /* Release */,
			);
			defaultConfigurationIsVisible = 0;
			defaultConfigurationName = Release;
		};
		3F6645B82B9B87F500C049AA /* Build configuration list for PBXNativeTarget "DBAppUITests" */ = {
			isa = XCConfigurationList;
			buildConfigurations = (
				3F6645B92B9B87F500C049AA /* Debug */,
				3F6645BA2B9B87F500C049AA /* Release */,
			);
			defaultConfigurationIsVisible = 0;
			defaultConfigurationName = Release;
		};
/* End XCConfigurationList section */

/* Begin XCVersionGroup section */
		3F6645912B9B87F200C049AA /* DBApp.xcdatamodeld */ = {
			isa = XCVersionGroup;
			children = (
				3F6645922B9B87F200C049AA /* DBApp.xcdatamodel */,
			);
			currentVersion = 3F6645922B9B87F200C049AA /* DBApp.xcdatamodel */;
			path = DBApp.xcdatamodeld;
			sourceTree = "<group>";
			versionGroupType = wrapper.xcdatamodel;
		};
/* End XCVersionGroup section */
	};
	rootObject = 3F66457D2B9B87F200C049AA /* Project object */;
}
